<?xml version="1.0" encoding="utf-8"?>
<Project ToolsVersion="16.0" xmlns="http://schemas.microsoft.com/developer/msbuild/2003">
  <ItemGroup>
    <ClCompile Include="C:\Users\josep\source\repos\Optix\OptiXRenderer\main.cpp">
      <Filter>Source Files</Filter>
    </ClCompile>
    <ClCompile Include="C:\Users\josep\source\repos\Optix\OptiXRenderer\Renderer.cpp">
      <Filter>Source Files</Filter>
    </ClCompile>
    <ClCompile Include="C:\Users\josep\source\repos\Optix\OptiXRenderer\SceneLoader.cpp">
      <Filter>Source Files</Filter>
    </ClCompile>
    <ClCompile Include="C:\Users\josep\source\repos\Optix\OptiXRenderer\utils.cpp">
      <Filter>Source Files</Filter>
    </ClCompile>
    <ClCompile Include="C:\Users\josep\source\repos\Optix\OptiXRenderer\lodepng.cpp">
      <Filter>Source Files</Filter>
    </ClCompile>
  </ItemGroup>
  <ItemGroup>
    <ClInclude Include="C:\Users\josep\source\repos\Optix\OptiXRenderer\main.h">
      <Filter>Header Files</Filter>
    </ClInclude>
    <ClInclude Include="C:\Users\josep\source\repos\Optix\OptiXRenderer\Renderer.h">
      <Filter>Header Files</Filter>
    </ClInclude>
    <ClInclude Include="C:\Users\josep\source\repos\Optix\OptiXRenderer\SceneLoader.h">
      <Filter>Header Files</Filter>
    </ClInclude>
    <ClInclude Include="C:\Users\josep\source\repos\Optix\OptiXRenderer\utils.h">
      <Filter>Header Files</Filter>
    </ClInclude>
    <ClInclude Include="C:\Users\josep\source\repos\Optix\OptiXRenderer\lodepng.h">
      <Filter>Header Files</Filter>
    </ClInclude>
    <ClInclude Include="C:\Users\josep\source\repos\Optix\OptiXRenderer\Scene.h">
      <Filter>Header Files</Filter>
    </ClInclude>
    <ClInclude Include="C:\Users\josep\source\repos\Optix\OptiXRenderer\Light.h">
      <Filter>Header Files</Filter>
    </ClInclude>
    <ClInclude Include="C:\Users\josep\source\repos\Optix\OptiXRenderer\Geometries.h">
      <Filter>Header Files</Filter>
    </ClInclude>
    <ClInclude Include="C:\Users\josep\source\repos\Optix\OptiXRenderer\Payloads.h">
      <Filter>Header Files</Filter>
    </ClInclude>
    <ClInclude Include="C:\Users\josep\source\repos\Optix\OptiXRenderer\random.h">
      <Filter>Header Files</Filter>
    </ClInclude>
  </ItemGroup>
  <ItemGroup>
    <CustomBuild Include="C:\Users\josep\source\repos\Optix\OptiXRenderer\CMakeLists.txt" />
  </ItemGroup>
  <ItemGroup>
    <None Include="C:\Users\josep\source\repos\Optix\OptiXRenderer\PinholeCamera.cu">
      <Filter>CUDA Files</Filter>
    </None>
    <None Include="C:\Users\josep\source\repos\Optix\OptiXRenderer\RayTracer.cu">
      <Filter>CUDA Files</Filter>
    </None>
    <None Include="C:\Users\josep\source\repos\Optix\OptiXRenderer\Triangle.cu">
      <Filter>CUDA Files</Filter>
    </None>
    <None Include="C:\Users\josep\source\repos\Optix\OptiXRenderer\Sphere.cu">
      <Filter>CUDA Files</Filter>
    </None>
    <None Include="C:\Users\josep\source\repos\Optix\OptiXRenderer\Common.cu">
      <Filter>CUDA Files</Filter>
    </None>
  </ItemGroup>
  <ItemGroup>
    <Filter Include="CUDA Files">
      <UniqueIdentifier>{803C1019-1347-3F2B-AA5E-4953D351B324}</UniqueIdentifier>
    </Filter>
    <Filter Include="Header Files">
      <UniqueIdentifier>{E2C8B301-AE28-387E-9BF3-720CD7A1209D}</UniqueIdentifier>
    </Filter>
    <Filter Include="Source Files">
      <UniqueIdentifier>{5AC7CC87-D00E-3527-ACF2-6656F2EA27E4}</UniqueIdentifier>
    </Filter>
  </ItemGroup>
</Project>
