<?xml version="1.0" encoding="utf-8"?>
<Project ToolsVersion="16.0" xmlns="http://schemas.microsoft.com/developer/msbuild/2003">
  <ItemGroup>
    <CustomBuild Include="C:\Users\josep\source\repos\Optix\project\CMakeFiles\c68dfad233ad08e3f91d753d8f656a53\generate.stamp.rule">
      <Filter>CMake Rules</Filter>
    </CustomBuild>
  </ItemGroup>
  <ItemGroup>
    <Filter Include="CMake Rules">
      <UniqueIdentifier>{186AF78B-D45A-3955-AB1C-B3EFA84F3A31}</UniqueIdentifier>
    </Filter>
  </ItemGroup>
</Project>
